// !$*UTF8*$!
{
	archiveVersion = 1;
	classes = {
	};
	objectVersion = 56;
	objects = {

/* Begin PBXBuildFile section */
		BA0F58992C202394009FA9F9 /* TodoItem__YSHMR_App.swift in Sources */ = {isa = PBXBuildFile; fileRef = BA0F58982C202394009FA9F9 /* TodoItem__YSHMR_App.swift */; };
		BA0F589B2C202394009FA9F9 /* ContentView.swift in Sources */ = {isa = PBXBuildFile; fileRef = BA0F589A2C202394009FA9F9 /* ContentView.swift */; };
		BA0F589D2C202397009FA9F9 /* Assets.xcassets in Resources */ = {isa = PBXBuildFile; fileRef = BA0F589C2C202397009FA9F9 /* Assets.xcassets */; };
		BA0F58A12C202397009FA9F9 /* Preview Assets.xcassets in Resources */ = {isa = PBXBuildFile; fileRef = BA0F58A02C202397009FA9F9 /* Preview Assets.xcassets */; };
		BA0F58AB2C202398009FA9F9 /* TodoItem__YSHMR_Tests.swift in Sources */ = {isa = PBXBuildFile; fileRef = BA0F58AA2C202398009FA9F9 /* TodoItem__YSHMR_Tests.swift */; };
		BA0F58B52C202398009FA9F9 /* TodoItem__YSHMR_UITests.swift in Sources */ = {isa = PBXBuildFile; fileRef = BA0F58B42C202398009FA9F9 /* TodoItem__YSHMR_UITests.swift */; };
		BA0F58B72C202398009FA9F9 /* TodoItem__YSHMR_UITestsLaunchTests.swift in Sources */ = {isa = PBXBuildFile; fileRef = BA0F58B62C202398009FA9F9 /* TodoItem__YSHMR_UITestsLaunchTests.swift */; };
		BA0F58C52C2023E1009FA9F9 /* TodoItem.swift in Sources */ = {isa = PBXBuildFile; fileRef = BA0F58C42C2023E1009FA9F9 /* TodoItem.swift */; };
		BA0F58C72C2051CE009FA9F9 /* FileCache.swift in Sources */ = {isa = PBXBuildFile; fileRef = BA0F58C62C2051CE009FA9F9 /* FileCache.swift */; };
		BA9C0B7E2C2F72E80046C654 /* Colors.swift in Sources */ = {isa = PBXBuildFile; fileRef = BA9C0B7D2C2F72E70046C654 /* Colors.swift */; };
		BA9C0B812C2F76D30046C654 /* TodoCellView.swift in Sources */ = {isa = PBXBuildFile; fileRef = BA9C0B802C2F76D30046C654 /* TodoCellView.swift */; };
		BA9C0B842C2F77830046C654 /* Color+Extencions.swift in Sources */ = {isa = PBXBuildFile; fileRef = BA9C0B832C2F77830046C654 /* Color+Extencions.swift */; };
		BA9C0B862C2F7FF20046C654 /* TodoItemView.swift in Sources */ = {isa = PBXBuildFile; fileRef = BA9C0B852C2F7FF20046C654 /* TodoItemView.swift */; };
		BA9C0B882C2F8B920046C654 /* TodoItemViewModel.swift in Sources */ = {isa = PBXBuildFile; fileRef = BA9C0B872C2F8B910046C654 /* TodoItemViewModel.swift */; };
		BA9C0B8A2C2F972C0046C654 /* TodoListView.swift in Sources */ = {isa = PBXBuildFile; fileRef = BA9C0B892C2F972C0046C654 /* TodoListView.swift */; };
		BA9C0B8C2C2F97880046C654 /* TodoListViewModel.swift in Sources */ = {isa = PBXBuildFile; fileRef = BA9C0B8B2C2F97880046C654 /* TodoListViewModel.swift */; };
		BAF897EB2C3573A000486267 /* ColorPickerView.swift in Sources */ = {isa = PBXBuildFile; fileRef = BAF897EA2C3573A000486267 /* ColorPickerView.swift */; };
		BAF897F02C387BF500486267 /* DateCell.swift in Sources */ = {isa = PBXBuildFile; fileRef = BAF897EF2C387BF400486267 /* DateCell.swift */; };
		BAF897F22C387C0200486267 /* ItemCell.swift in Sources */ = {isa = PBXBuildFile; fileRef = BAF897F12C387C0200486267 /* ItemCell.swift */; };
		BAF897F42C388A4D00486267 /* CalendarViewController.swift in Sources */ = {isa = PBXBuildFile; fileRef = BAF897F32C388A4D00486267 /* CalendarViewController.swift */; };
		BAF897F62C388D3900486267 /* Calendar.swift in Sources */ = {isa = PBXBuildFile; fileRef = BAF897F52C388D3900486267 /* Calendar.swift */; };
		BAF897F82C388DF800486267 /* Category.swift in Sources */ = {isa = PBXBuildFile; fileRef = BAF897F72C388DF800486267 /* Category.swift */; };
		BAF897FA2C38A5F200486267 /* CalendarViewControllerRepresentable.swift in Sources */ = {isa = PBXBuildFile; fileRef = BAF897F92C38A5F100486267 /* CalendarViewControllerRepresentable.swift */; };
		BAF897FC2C38B13700486267 /* CalendarViewController+Extensions.swift in Sources */ = {isa = PBXBuildFile; fileRef = BAF897FB2C38B13700486267 /* CalendarViewController+Extensions.swift */; };
		BAF897FE2C38BB8000486267 /* CalendarView.swift in Sources */ = {isa = PBXBuildFile; fileRef = BAF897FD2C38BB8000486267 /* CalendarView.swift */; };
		BAF898002C38C78600486267 /* UILabel+Extensions.swift in Sources */ = {isa = PBXBuildFile; fileRef = BAF897FF2C38C78600486267 /* UILabel+Extensions.swift */; };
/* End PBXBuildFile section */

/* Begin PBXContainerItemProxy section */
		BA0F58A72C202398009FA9F9 /* PBXContainerItemProxy */ = {
			isa = PBXContainerItemProxy;
			containerPortal = BA0F588D2C202394009FA9F9 /* Project object */;
			proxyType = 1;
			remoteGlobalIDString = BA0F58942C202394009FA9F9;
			remoteInfo = "TodoItem (YSHMR)";
		};
		BA0F58B12C202398009FA9F9 /* PBXContainerItemProxy */ = {
			isa = PBXContainerItemProxy;
			containerPortal = BA0F588D2C202394009FA9F9 /* Project object */;
			proxyType = 1;
			remoteGlobalIDString = BA0F58942C202394009FA9F9;
			remoteInfo = "TodoItem (YSHMR)";
		};
/* End PBXContainerItemProxy section */

/* Begin PBXFileReference section */
		BA0F58952C202394009FA9F9 /* TodoItem (YSHMR).app */ = {isa = PBXFileReference; explicitFileType = wrapper.application; includeInIndex = 0; path = "TodoItem (YSHMR).app"; sourceTree = BUILT_PRODUCTS_DIR; };
		BA0F58982C202394009FA9F9 /* TodoItem__YSHMR_App.swift */ = {isa = PBXFileReference; lastKnownFileType = sourcecode.swift; path = TodoItem__YSHMR_App.swift; sourceTree = "<group>"; };
		BA0F589A2C202394009FA9F9 /* ContentView.swift */ = {isa = PBXFileReference; lastKnownFileType = sourcecode.swift; path = ContentView.swift; sourceTree = "<group>"; };
		BA0F589C2C202397009FA9F9 /* Assets.xcassets */ = {isa = PBXFileReference; lastKnownFileType = folder.assetcatalog; path = Assets.xcassets; sourceTree = "<group>"; };
		BA0F589E2C202397009FA9F9 /* TodoItem__YSHMR_.entitlements */ = {isa = PBXFileReference; lastKnownFileType = text.plist.entitlements; path = TodoItem__YSHMR_.entitlements; sourceTree = "<group>"; };
		BA0F58A02C202397009FA9F9 /* Preview Assets.xcassets */ = {isa = PBXFileReference; lastKnownFileType = folder.assetcatalog; path = "Preview Assets.xcassets"; sourceTree = "<group>"; };
		BA0F58A62C202398009FA9F9 /* TodoItem (YSHMR)Tests.xctest */ = {isa = PBXFileReference; explicitFileType = wrapper.cfbundle; includeInIndex = 0; path = "TodoItem (YSHMR)Tests.xctest"; sourceTree = BUILT_PRODUCTS_DIR; };
		BA0F58AA2C202398009FA9F9 /* TodoItem__YSHMR_Tests.swift */ = {isa = PBXFileReference; lastKnownFileType = sourcecode.swift; path = TodoItem__YSHMR_Tests.swift; sourceTree = "<group>"; };
		BA0F58B02C202398009FA9F9 /* TodoItem (YSHMR)UITests.xctest */ = {isa = PBXFileReference; explicitFileType = wrapper.cfbundle; includeInIndex = 0; path = "TodoItem (YSHMR)UITests.xctest"; sourceTree = BUILT_PRODUCTS_DIR; };
		BA0F58B42C202398009FA9F9 /* TodoItem__YSHMR_UITests.swift */ = {isa = PBXFileReference; lastKnownFileType = sourcecode.swift; path = TodoItem__YSHMR_UITests.swift; sourceTree = "<group>"; };
		BA0F58B62C202398009FA9F9 /* TodoItem__YSHMR_UITestsLaunchTests.swift */ = {isa = PBXFileReference; lastKnownFileType = sourcecode.swift; path = TodoItem__YSHMR_UITestsLaunchTests.swift; sourceTree = "<group>"; };
		BA0F58C42C2023E1009FA9F9 /* TodoItem.swift */ = {isa = PBXFileReference; lastKnownFileType = sourcecode.swift; path = TodoItem.swift; sourceTree = "<group>"; };
		BA0F58C62C2051CE009FA9F9 /* FileCache.swift */ = {isa = PBXFileReference; lastKnownFileType = sourcecode.swift; path = FileCache.swift; sourceTree = "<group>"; };
		BA9C0B7D2C2F72E70046C654 /* Colors.swift */ = {isa = PBXFileReference; lastKnownFileType = sourcecode.swift; path = Colors.swift; sourceTree = "<group>"; };
		BA9C0B802C2F76D30046C654 /* TodoCellView.swift */ = {isa = PBXFileReference; lastKnownFileType = sourcecode.swift; path = TodoCellView.swift; sourceTree = "<group>"; };
		BA9C0B832C2F77830046C654 /* Color+Extencions.swift */ = {isa = PBXFileReference; lastKnownFileType = sourcecode.swift; path = "Color+Extencions.swift"; sourceTree = "<group>"; };
		BA9C0B852C2F7FF20046C654 /* TodoItemView.swift */ = {isa = PBXFileReference; lastKnownFileType = sourcecode.swift; path = TodoItemView.swift; sourceTree = "<group>"; };
		BA9C0B872C2F8B910046C654 /* TodoItemViewModel.swift */ = {isa = PBXFileReference; lastKnownFileType = sourcecode.swift; path = TodoItemViewModel.swift; sourceTree = "<group>"; };
		BA9C0B892C2F972C0046C654 /* TodoListView.swift */ = {isa = PBXFileReference; lastKnownFileType = sourcecode.swift; path = TodoListView.swift; sourceTree = "<group>"; };
		BA9C0B8B2C2F97880046C654 /* TodoListViewModel.swift */ = {isa = PBXFileReference; lastKnownFileType = sourcecode.swift; path = TodoListViewModel.swift; sourceTree = "<group>"; };
		BAF897EA2C3573A000486267 /* ColorPickerView.swift */ = {isa = PBXFileReference; lastKnownFileType = sourcecode.swift; path = ColorPickerView.swift; sourceTree = "<group>"; };
		BAF897EF2C387BF400486267 /* DateCell.swift */ = {isa = PBXFileReference; lastKnownFileType = sourcecode.swift; path = DateCell.swift; sourceTree = "<group>"; };
		BAF897F12C387C0200486267 /* ItemCell.swift */ = {isa = PBXFileReference; lastKnownFileType = sourcecode.swift; path = ItemCell.swift; sourceTree = "<group>"; };
		BAF897F32C388A4D00486267 /* CalendarViewController.swift */ = {isa = PBXFileReference; lastKnownFileType = sourcecode.swift; path = CalendarViewController.swift; sourceTree = "<group>"; };
		BAF897F52C388D3900486267 /* Calendar.swift */ = {isa = PBXFileReference; lastKnownFileType = sourcecode.swift; path = Calendar.swift; sourceTree = "<group>"; };
		BAF897F72C388DF800486267 /* Category.swift */ = {isa = PBXFileReference; lastKnownFileType = sourcecode.swift; path = Category.swift; sourceTree = "<group>"; };
		BAF897F92C38A5F100486267 /* CalendarViewControllerRepresentable.swift */ = {isa = PBXFileReference; lastKnownFileType = sourcecode.swift; path = CalendarViewControllerRepresentable.swift; sourceTree = "<group>"; };
		BAF897FB2C38B13700486267 /* CalendarViewController+Extensions.swift */ = {isa = PBXFileReference; lastKnownFileType = sourcecode.swift; path = "CalendarViewController+Extensions.swift"; sourceTree = "<group>"; };
		BAF897FD2C38BB8000486267 /* CalendarView.swift */ = {isa = PBXFileReference; lastKnownFileType = sourcecode.swift; path = CalendarView.swift; sourceTree = "<group>"; };
		BAF897FF2C38C78600486267 /* UILabel+Extensions.swift */ = {isa = PBXFileReference; lastKnownFileType = sourcecode.swift; path = "UILabel+Extensions.swift"; sourceTree = "<group>"; };
/* End PBXFileReference section */

/* Begin PBXFrameworksBuildPhase section */
		BA0F58922C202394009FA9F9 /* Frameworks */ = {
			isa = PBXFrameworksBuildPhase;
			buildActionMask = 2147483647;
			files = (
			);
			runOnlyForDeploymentPostprocessing = 0;
		};
		BA0F58A32C202398009FA9F9 /* Frameworks */ = {
			isa = PBXFrameworksBuildPhase;
			buildActionMask = 2147483647;
			files = (
			);
			runOnlyForDeploymentPostprocessing = 0;
		};
		BA0F58AD2C202398009FA9F9 /* Frameworks */ = {
			isa = PBXFrameworksBuildPhase;
			buildActionMask = 2147483647;
			files = (
			);
			runOnlyForDeploymentPostprocessing = 0;
		};
/* End PBXFrameworksBuildPhase section */

/* Begin PBXGroup section */
		BA0F588C2C202394009FA9F9 = {
			isa = PBXGroup;
			children = (
				BA0F58972C202394009FA9F9 /* TodoItem (YSHMR) */,
				BA0F58A92C202398009FA9F9 /* TodoItem (YSHMR)Tests */,
				BA0F58B32C202398009FA9F9 /* TodoItem (YSHMR)UITests */,
				BA0F58962C202394009FA9F9 /* Products */,
			);
			sourceTree = "<group>";
		};
		BA0F58962C202394009FA9F9 /* Products */ = {
			isa = PBXGroup;
			children = (
				BA0F58952C202394009FA9F9 /* TodoItem (YSHMR).app */,
				BA0F58A62C202398009FA9F9 /* TodoItem (YSHMR)Tests.xctest */,
				BA0F58B02C202398009FA9F9 /* TodoItem (YSHMR)UITests.xctest */,
			);
			name = Products;
			sourceTree = "<group>";
		};
		BA0F58972C202394009FA9F9 /* TodoItem (YSHMR) */ = {
			isa = PBXGroup;
			children = (
				BAF897EE2C387BC700486267 /* Calendar */,
				BA9C0B822C2F77630046C654 /* Extensions */,
				BA9C0B7F2C2F76B20046C654 /* Views */,
				BA9C0B7C2C2F72CF0046C654 /* Resources */,
				BA0F58C32C2023AD009FA9F9 /* Models */,
				BA0F58982C202394009FA9F9 /* TodoItem__YSHMR_App.swift */,
				BA0F589A2C202394009FA9F9 /* ContentView.swift */,
				BA0F589E2C202397009FA9F9 /* TodoItem__YSHMR_.entitlements */,
				BA0F589F2C202397009FA9F9 /* Preview Content */,
			);
			path = "TodoItem (YSHMR)";
			sourceTree = "<group>";
		};
		BA0F589F2C202397009FA9F9 /* Preview Content */ = {
			isa = PBXGroup;
			children = (
				BA0F58A02C202397009FA9F9 /* Preview Assets.xcassets */,
			);
			path = "Preview Content";
			sourceTree = "<group>";
		};
		BA0F58A92C202398009FA9F9 /* TodoItem (YSHMR)Tests */ = {
			isa = PBXGroup;
			children = (
				BA0F58AA2C202398009FA9F9 /* TodoItem__YSHMR_Tests.swift */,
			);
			path = "TodoItem (YSHMR)Tests";
			sourceTree = "<group>";
		};
		BA0F58B32C202398009FA9F9 /* TodoItem (YSHMR)UITests */ = {
			isa = PBXGroup;
			children = (
				BA0F58B42C202398009FA9F9 /* TodoItem__YSHMR_UITests.swift */,
				BA0F58B62C202398009FA9F9 /* TodoItem__YSHMR_UITestsLaunchTests.swift */,
			);
			path = "TodoItem (YSHMR)UITests";
			sourceTree = "<group>";
		};
		BA0F58C32C2023AD009FA9F9 /* Models */ = {
			isa = PBXGroup;
			children = (
				BAF897F52C388D3900486267 /* Calendar.swift */,
				BA0F58C42C2023E1009FA9F9 /* TodoItem.swift */,
				BA0F58C62C2051CE009FA9F9 /* FileCache.swift */,
				BA9C0B872C2F8B910046C654 /* TodoItemViewModel.swift */,
				BA9C0B8B2C2F97880046C654 /* TodoListViewModel.swift */,
				BAF897F72C388DF800486267 /* Category.swift */,
			);
			path = Models;
			sourceTree = "<group>";
		};
		BA9C0B7C2C2F72CF0046C654 /* Resources */ = {
			isa = PBXGroup;
			children = (
				BA0F589C2C202397009FA9F9 /* Assets.xcassets */,
				BA9C0B7D2C2F72E70046C654 /* Colors.swift */,
			);
			path = Resources;
			sourceTree = "<group>";
		};
		BA9C0B7F2C2F76B20046C654 /* Views */ = {
			isa = PBXGroup;
			children = (
				BA9C0B802C2F76D30046C654 /* TodoCellView.swift */,
				BA9C0B892C2F972C0046C654 /* TodoListView.swift */,
				BA9C0B852C2F7FF20046C654 /* TodoItemView.swift */,
				BAF897EA2C3573A000486267 /* ColorPickerView.swift */,
			);
			path = Views;
			sourceTree = "<group>";
		};
		BA9C0B822C2F77630046C654 /* Extensions */ = {
			isa = PBXGroup;
			children = (
				BA9C0B832C2F77830046C654 /* Color+Extencions.swift */,
				BAF897FF2C38C78600486267 /* UILabel+Extensions.swift */,
			);
			path = Extensions;
			sourceTree = "<group>";
		};
		BAF897EE2C387BC700486267 /* Calendar */ = {
			isa = PBXGroup;
			children = (
				BAF897EF2C387BF400486267 /* DateCell.swift */,
				BAF897F12C387C0200486267 /* ItemCell.swift */,
				BAF897FD2C38BB8000486267 /* CalendarView.swift */,
				BAF897F32C388A4D00486267 /* CalendarViewController.swift */,
				BAF897F92C38A5F100486267 /* CalendarViewControllerRepresentable.swift */,
				BAF897FB2C38B13700486267 /* CalendarViewController+Extensions.swift */,
			);
			path = Calendar;
			sourceTree = "<group>";
		};
/* End PBXGroup section */

/* Begin PBXNativeTarget section */
		BA0F58942C202394009FA9F9 /* TodoItem (YSHMR) */ = {
			isa = PBXNativeTarget;
			buildConfigurationList = BA0F58BA2C202398009FA9F9 /* Build configuration list for PBXNativeTarget "TodoItem (YSHMR)" */;
			buildPhases = (
				BA0F58912C202394009FA9F9 /* Sources */,
				BA0F58922C202394009FA9F9 /* Frameworks */,
				BA0F58932C202394009FA9F9 /* Resources */,
			);
			buildRules = (
			);
			dependencies = (
			);
			name = "TodoItem (YSHMR)";
			productName = "TodoItem (YSHMR)";
			productReference = BA0F58952C202394009FA9F9 /* TodoItem (YSHMR).app */;
			productType = "com.apple.product-type.application";
		};
		BA0F58A52C202398009FA9F9 /* TodoItem (YSHMR)Tests */ = {
			isa = PBXNativeTarget;
			buildConfigurationList = BA0F58BD2C202398009FA9F9 /* Build configuration list for PBXNativeTarget "TodoItem (YSHMR)Tests" */;
			buildPhases = (
				BA0F58A22C202398009FA9F9 /* Sources */,
				BA0F58A32C202398009FA9F9 /* Frameworks */,
				BA0F58A42C202398009FA9F9 /* Resources */,
			);
			buildRules = (
			);
			dependencies = (
				BA0F58A82C202398009FA9F9 /* PBXTargetDependency */,
			);
			name = "TodoItem (YSHMR)Tests";
			productName = "TodoItem (YSHMR)Tests";
			productReference = BA0F58A62C202398009FA9F9 /* TodoItem (YSHMR)Tests.xctest */;
			productType = "com.apple.product-type.bundle.unit-test";
		};
		BA0F58AF2C202398009FA9F9 /* TodoItem (YSHMR)UITests */ = {
			isa = PBXNativeTarget;
			buildConfigurationList = BA0F58C02C202398009FA9F9 /* Build configuration list for PBXNativeTarget "TodoItem (YSHMR)UITests" */;
			buildPhases = (
				BA0F58AC2C202398009FA9F9 /* Sources */,
				BA0F58AD2C202398009FA9F9 /* Frameworks */,
				BA0F58AE2C202398009FA9F9 /* Resources */,
			);
			buildRules = (
			);
			dependencies = (
				BA0F58B22C202398009FA9F9 /* PBXTargetDependency */,
			);
			name = "TodoItem (YSHMR)UITests";
			productName = "TodoItem (YSHMR)UITests";
			productReference = BA0F58B02C202398009FA9F9 /* TodoItem (YSHMR)UITests.xctest */;
			productType = "com.apple.product-type.bundle.ui-testing";
		};
/* End PBXNativeTarget section */

/* Begin PBXProject section */
		BA0F588D2C202394009FA9F9 /* Project object */ = {
			isa = PBXProject;
			attributes = {
				BuildIndependentTargetsInParallel = 1;
				LastSwiftUpdateCheck = 1410;
				LastUpgradeCheck = 1410;
				TargetAttributes = {
					BA0F58942C202394009FA9F9 = {
						CreatedOnToolsVersion = 14.1;
					};
					BA0F58A52C202398009FA9F9 = {
						CreatedOnToolsVersion = 14.1;
						TestTargetID = BA0F58942C202394009FA9F9;
					};
					BA0F58AF2C202398009FA9F9 = {
						CreatedOnToolsVersion = 14.1;
						TestTargetID = BA0F58942C202394009FA9F9;
					};
				};
			};
			buildConfigurationList = BA0F58902C202394009FA9F9 /* Build configuration list for PBXProject "TodoItem (YSHMR)" */;
			compatibilityVersion = "Xcode 14.0";
			developmentRegion = en;
			hasScannedForEncodings = 0;
			knownRegions = (
				en,
				Base,
			);
			mainGroup = BA0F588C2C202394009FA9F9;
			productRefGroup = BA0F58962C202394009FA9F9 /* Products */;
			projectDirPath = "";
			projectRoot = "";
			targets = (
				BA0F58942C202394009FA9F9 /* TodoItem (YSHMR) */,
				BA0F58A52C202398009FA9F9 /* TodoItem (YSHMR)Tests */,
				BA0F58AF2C202398009FA9F9 /* TodoItem (YSHMR)UITests */,
			);
		};
/* End PBXProject section */

/* Begin PBXResourcesBuildPhase section */
		BA0F58932C202394009FA9F9 /* Resources */ = {
			isa = PBXResourcesBuildPhase;
			buildActionMask = 2147483647;
			files = (
				BA0F58A12C202397009FA9F9 /* Preview Assets.xcassets in Resources */,
				BA0F589D2C202397009FA9F9 /* Assets.xcassets in Resources */,
			);
			runOnlyForDeploymentPostprocessing = 0;
		};
		BA0F58A42C202398009FA9F9 /* Resources */ = {
			isa = PBXResourcesBuildPhase;
			buildActionMask = 2147483647;
			files = (
			);
			runOnlyForDeploymentPostprocessing = 0;
		};
		BA0F58AE2C202398009FA9F9 /* Resources */ = {
			isa = PBXResourcesBuildPhase;
			buildActionMask = 2147483647;
			files = (
			);
			runOnlyForDeploymentPostprocessing = 0;
		};
/* End PBXResourcesBuildPhase section */

/* Begin PBXSourcesBuildPhase section */
		BA0F58912C202394009FA9F9 /* Sources */ = {
			isa = PBXSourcesBuildPhase;
			buildActionMask = 2147483647;
			files = (
				BAF897F42C388A4D00486267 /* CalendarViewController.swift in Sources */,
				BA9C0B8C2C2F97880046C654 /* TodoListViewModel.swift in Sources */,
				BAF898002C38C78600486267 /* UILabel+Extensions.swift in Sources */,
				BAF897FC2C38B13700486267 /* CalendarViewController+Extensions.swift in Sources */,
				BA0F58C52C2023E1009FA9F9 /* TodoItem.swift in Sources */,
				BA9C0B7E2C2F72E80046C654 /* Colors.swift in Sources */,
				BA9C0B8A2C2F972C0046C654 /* TodoListView.swift in Sources */,
				BAF897F82C388DF800486267 /* Category.swift in Sources */,
				BA0F589B2C202394009FA9F9 /* ContentView.swift in Sources */,
				BAF897FE2C38BB8000486267 /* CalendarView.swift in Sources */,
				BA9C0B882C2F8B920046C654 /* TodoItemViewModel.swift in Sources */,
				BA0F58C72C2051CE009FA9F9 /* FileCache.swift in Sources */,
				BA9C0B842C2F77830046C654 /* Color+Extencions.swift in Sources */,
				BAF897F02C387BF500486267 /* DateCell.swift in Sources */,
				BAF897EB2C3573A000486267 /* ColorPickerView.swift in Sources */,
				BA9C0B862C2F7FF20046C654 /* TodoItemView.swift in Sources */,
				BA9C0B812C2F76D30046C654 /* TodoCellView.swift in Sources */,
				BAF897F62C388D3900486267 /* Calendar.swift in Sources */,
				BAF897FA2C38A5F200486267 /* CalendarViewControllerRepresentable.swift in Sources */,
				BA0F58992C202394009FA9F9 /* TodoItem__YSHMR_App.swift in Sources */,
				BAF897F22C387C0200486267 /* ItemCell.swift in Sources */,
			);
			runOnlyForDeploymentPostprocessing = 0;
		};
		BA0F58A22C202398009FA9F9 /* Sources */ = {
			isa = PBXSourcesBuildPhase;
			buildActionMask = 2147483647;
			files = (
				BA0F58AB2C202398009FA9F9 /* TodoItem__YSHMR_Tests.swift in Sources */,
			);
			runOnlyForDeploymentPostprocessing = 0;
		};
		BA0F58AC2C202398009FA9F9 /* Sources */ = {
			isa = PBXSourcesBuildPhase;
			buildActionMask = 2147483647;
			files = (
				BA0F58B52C202398009FA9F9 /* TodoItem__YSHMR_UITests.swift in Sources */,
				BA0F58B72C202398009FA9F9 /* TodoItem__YSHMR_UITestsLaunchTests.swift in Sources */,
			);
			runOnlyForDeploymentPostprocessing = 0;
		};
/* End PBXSourcesBuildPhase section */

/* Begin PBXTargetDependency section */
		BA0F58A82C202398009FA9F9 /* PBXTargetDependency */ = {
			isa = PBXTargetDependency;
			target = BA0F58942C202394009FA9F9 /* TodoItem (YSHMR) */;
			targetProxy = BA0F58A72C202398009FA9F9 /* PBXContainerItemProxy */;
		};
		BA0F58B22C202398009FA9F9 /* PBXTargetDependency */ = {
			isa = PBXTargetDependency;
			target = BA0F58942C202394009FA9F9 /* TodoItem (YSHMR) */;
			targetProxy = BA0F58B12C202398009FA9F9 /* PBXContainerItemProxy */;
		};
/* End PBXTargetDependency section */

/* Begin XCBuildConfiguration section */
		BA0F58B82C202398009FA9F9 /* Debug */ = {
			isa = XCBuildConfiguration;
			buildSettings = {
				ALWAYS_SEARCH_USER_PATHS = NO;
				CLANG_ANALYZER_NONNULL = YES;
				CLANG_ANALYZER_NUMBER_OBJECT_CONVERSION = YES_AGGRESSIVE;
				CLANG_CXX_LANGUAGE_STANDARD = "gnu++20";
				CLANG_ENABLE_MODULES = YES;
				CLANG_ENABLE_OBJC_ARC = YES;
				CLANG_ENABLE_OBJC_WEAK = YES;
				CLANG_WARN_BLOCK_CAPTURE_AUTORELEASING = YES;
				CLANG_WARN_BOOL_CONVERSION = YES;
				CLANG_WARN_COMMA = YES;
				CLANG_WARN_CONSTANT_CONVERSION = YES;
				CLANG_WARN_DEPRECATED_OBJC_IMPLEMENTATIONS = YES;
				CLANG_WARN_DIRECT_OBJC_ISA_USAGE = YES_ERROR;
				CLANG_WARN_DOCUMENTATION_COMMENTS = YES;
				CLANG_WARN_EMPTY_BODY = YES;
				CLANG_WARN_ENUM_CONVERSION = YES;
				CLANG_WARN_INFINITE_RECURSION = YES;
				CLANG_WARN_INT_CONVERSION = YES;
				CLANG_WARN_NON_LITERAL_NULL_CONVERSION = YES;
				CLANG_WARN_OBJC_IMPLICIT_RETAIN_SELF = YES;
				CLANG_WARN_OBJC_LITERAL_CONVERSION = YES;
				CLANG_WARN_OBJC_ROOT_CLASS = YES_ERROR;
				CLANG_WARN_QUOTED_INCLUDE_IN_FRAMEWORK_HEADER = YES;
				CLANG_WARN_RANGE_LOOP_ANALYSIS = YES;
				CLANG_WARN_STRICT_PROTOTYPES = YES;
				CLANG_WARN_SUSPICIOUS_MOVE = YES;
				CLANG_WARN_UNGUARDED_AVAILABILITY = YES_AGGRESSIVE;
				CLANG_WARN_UNREACHABLE_CODE = YES;
				CLANG_WARN__DUPLICATE_METHOD_MATCH = YES;
				COPY_PHASE_STRIP = NO;
				DEBUG_INFORMATION_FORMAT = dwarf;
				ENABLE_STRICT_OBJC_MSGSEND = YES;
				ENABLE_TESTABILITY = YES;
				GCC_C_LANGUAGE_STANDARD = gnu11;
				GCC_DYNAMIC_NO_PIC = NO;
				GCC_NO_COMMON_BLOCKS = YES;
				GCC_OPTIMIZATION_LEVEL = 0;
				GCC_PREPROCESSOR_DEFINITIONS = (
					"DEBUG=1",
					"$(inherited)",
				);
				GCC_WARN_64_TO_32_BIT_CONVERSION = YES;
				GCC_WARN_ABOUT_RETURN_TYPE = YES_ERROR;
				GCC_WARN_UNDECLARED_SELECTOR = YES;
				GCC_WARN_UNINITIALIZED_AUTOS = YES_AGGRESSIVE;
				GCC_WARN_UNUSED_FUNCTION = YES;
				GCC_WARN_UNUSED_VARIABLE = YES;
				IPHONEOS_DEPLOYMENT_TARGET = 17.4;
				MTL_ENABLE_DEBUG_INFO = INCLUDE_SOURCE;
				MTL_FAST_MATH = YES;
				ONLY_ACTIVE_ARCH = YES;
				SWIFT_ACTIVE_COMPILATION_CONDITIONS = DEBUG;
				SWIFT_OPTIMIZATION_LEVEL = "-Onone";
			};
			name = Debug;
		};
		BA0F58B92C202398009FA9F9 /* Release */ = {
			isa = XCBuildConfiguration;
			buildSettings = {
				ALWAYS_SEARCH_USER_PATHS = NO;
				CLANG_ANALYZER_NONNULL = YES;
				CLANG_ANALYZER_NUMBER_OBJECT_CONVERSION = YES_AGGRESSIVE;
				CLANG_CXX_LANGUAGE_STANDARD = "gnu++20";
				CLANG_ENABLE_MODULES = YES;
				CLANG_ENABLE_OBJC_ARC = YES;
				CLANG_ENABLE_OBJC_WEAK = YES;
				CLANG_WARN_BLOCK_CAPTURE_AUTORELEASING = YES;
				CLANG_WARN_BOOL_CONVERSION = YES;
				CLANG_WARN_COMMA = YES;
				CLANG_WARN_CONSTANT_CONVERSION = YES;
				CLANG_WARN_DEPRECATED_OBJC_IMPLEMENTATIONS = YES;
				CLANG_WARN_DIRECT_OBJC_ISA_USAGE = YES_ERROR;
				CLANG_WARN_DOCUMENTATION_COMMENTS = YES;
				CLANG_WARN_EMPTY_BODY = YES;
				CLANG_WARN_ENUM_CONVERSION = YES;
				CLANG_WARN_INFINITE_RECURSION = YES;
				CLANG_WARN_INT_CONVERSION = YES;
				CLANG_WARN_NON_LITERAL_NULL_CONVERSION = YES;
				CLANG_WARN_OBJC_IMPLICIT_RETAIN_SELF = YES;
				CLANG_WARN_OBJC_LITERAL_CONVERSION = YES;
				CLANG_WARN_OBJC_ROOT_CLASS = YES_ERROR;
				CLANG_WARN_QUOTED_INCLUDE_IN_FRAMEWORK_HEADER = YES;
				CLANG_WARN_RANGE_LOOP_ANALYSIS = YES;
				CLANG_WARN_STRICT_PROTOTYPES = YES;
				CLANG_WARN_SUSPICIOUS_MOVE = YES;
				CLANG_WARN_UNGUARDED_AVAILABILITY = YES_AGGRESSIVE;
				CLANG_WARN_UNREACHABLE_CODE = YES;
				CLANG_WARN__DUPLICATE_METHOD_MATCH = YES;
				COPY_PHASE_STRIP = NO;
				DEBUG_INFORMATION_FORMAT = "dwarf-with-dsym";
				ENABLE_NS_ASSERTIONS = NO;
				ENABLE_STRICT_OBJC_MSGSEND = YES;
				GCC_C_LANGUAGE_STANDARD = gnu11;
				GCC_NO_COMMON_BLOCKS = YES;
				GCC_WARN_64_TO_32_BIT_CONVERSION = YES;
				GCC_WARN_ABOUT_RETURN_TYPE = YES_ERROR;
				GCC_WARN_UNDECLARED_SELECTOR = YES;
				GCC_WARN_UNINITIALIZED_AUTOS = YES_AGGRESSIVE;
				GCC_WARN_UNUSED_FUNCTION = YES;
				GCC_WARN_UNUSED_VARIABLE = YES;
				IPHONEOS_DEPLOYMENT_TARGET = 17.4;
				MTL_ENABLE_DEBUG_INFO = NO;
				MTL_FAST_MATH = YES;
				SWIFT_COMPILATION_MODE = wholemodule;
				SWIFT_OPTIMIZATION_LEVEL = "-O";
			};
			name = Release;
		};
		BA0F58BB2C202398009FA9F9 /* Debug */ = {
			isa = XCBuildConfiguration;
			buildSettings = {
				ASSETCATALOG_COMPILER_APPICON_NAME = AppIcon;
				ASSETCATALOG_COMPILER_GLOBAL_ACCENT_COLOR_NAME = AccentColor;
				CODE_SIGN_ENTITLEMENTS = "TodoItem (YSHMR)/TodoItem__YSHMR_.entitlements";
				CODE_SIGN_STYLE = Automatic;
				CURRENT_PROJECT_VERSION = 1;
				DEVELOPMENT_ASSET_PATHS = "\"TodoItem (YSHMR)/Preview Content\"";
				DEVELOPMENT_TEAM = QF2RSDM2JV;
				ENABLE_HARDENED_RUNTIME = YES;
				ENABLE_PREVIEWS = YES;
				GENERATE_INFOPLIST_FILE = YES;
				"INFOPLIST_KEY_UIApplicationSceneManifest_Generation[sdk=iphoneos*]" = YES;
				"INFOPLIST_KEY_UIApplicationSceneManifest_Generation[sdk=iphonesimulator*]" = YES;
				"INFOPLIST_KEY_UIApplicationSupportsIndirectInputEvents[sdk=iphoneos*]" = YES;
				"INFOPLIST_KEY_UIApplicationSupportsIndirectInputEvents[sdk=iphonesimulator*]" = YES;
				"INFOPLIST_KEY_UILaunchScreen_Generation[sdk=iphoneos*]" = YES;
				"INFOPLIST_KEY_UILaunchScreen_Generation[sdk=iphonesimulator*]" = YES;
				"INFOPLIST_KEY_UIStatusBarStyle[sdk=iphoneos*]" = UIStatusBarStyleDefault;
				"INFOPLIST_KEY_UIStatusBarStyle[sdk=iphonesimulator*]" = UIStatusBarStyleDefault;
				INFOPLIST_KEY_UISupportedInterfaceOrientations_iPad = "UIInterfaceOrientationPortrait UIInterfaceOrientationPortraitUpsideDown UIInterfaceOrientationLandscapeLeft UIInterfaceOrientationLandscapeRight";
				INFOPLIST_KEY_UISupportedInterfaceOrientations_iPhone = "UIInterfaceOrientationPortrait UIInterfaceOrientationLandscapeLeft UIInterfaceOrientationLandscapeRight";
				IPHONEOS_DEPLOYMENT_TARGET = 17.0;
				LD_RUNPATH_SEARCH_PATHS = "@executable_path/Frameworks";
				"LD_RUNPATH_SEARCH_PATHS[sdk=macosx*]" = "@executable_path/../Frameworks";
				MACOSX_DEPLOYMENT_TARGET = 13.0;
				MARKETING_VERSION = 1.0;
				PRODUCT_BUNDLE_IDENTIFIER = "milhani.TodoItem--YSHMR-";
				PRODUCT_NAME = "$(TARGET_NAME)";
				SDKROOT = auto;
				SUPPORTED_PLATFORMS = "iphoneos iphonesimulator macosx";
				SWIFT_EMIT_LOC_STRINGS = YES;
				SWIFT_VERSION = 5.0;
				TARGETED_DEVICE_FAMILY = "1,2";
			};
			name = Debug;
		};
		BA0F58BC2C202398009FA9F9 /* Release */ = {
			isa = XCBuildConfiguration;
			buildSettings = {
				ASSETCATALOG_COMPILER_APPICON_NAME = AppIcon;
				ASSETCATALOG_COMPILER_GLOBAL_ACCENT_COLOR_NAME = AccentColor;
				CODE_SIGN_ENTITLEMENTS = "TodoItem (YSHMR)/TodoItem__YSHMR_.entitlements";
				CODE_SIGN_STYLE = Automatic;
				CURRENT_PROJECT_VERSION = 1;
				DEVELOPMENT_ASSET_PATHS = "\"TodoItem (YSHMR)/Preview Content\"";
				DEVELOPMENT_TEAM = QF2RSDM2JV;
				ENABLE_HARDENED_RUNTIME = YES;
				ENABLE_PREVIEWS = YES;
				GENERATE_INFOPLIST_FILE = YES;
				"INFOPLIST_KEY_UIApplicationSceneManifest_Generation[sdk=iphoneos*]" = YES;
				"INFOPLIST_KEY_UIApplicationSceneManifest_Generation[sdk=iphonesimulator*]" = YES;
				"INFOPLIST_KEY_UIApplicationSupportsIndirectInputEvents[sdk=iphoneos*]" = YES;
				"INFOPLIST_KEY_UIApplicationSupportsIndirectInputEvents[sdk=iphonesimulator*]" = YES;
				"INFOPLIST_KEY_UILaunchScreen_Generation[sdk=iphoneos*]" = YES;
				"INFOPLIST_KEY_UILaunchScreen_Generation[sdk=iphonesimulator*]" = YES;
				"INFOPLIST_KEY_UIStatusBarStyle[sdk=iphoneos*]" = UIStatusBarStyleDefault;
				"INFOPLIST_KEY_UIStatusBarStyle[sdk=iphonesimulator*]" = UIStatusBarStyleDefault;
				INFOPLIST_KEY_UISupportedInterfaceOrientations_iPad = "UIInterfaceOrientationPortrait UIInterfaceOrientationPortraitUpsideDown UIInterfaceOrientationLandscapeLeft UIInterfaceOrientationLandscapeRight";
				INFOPLIST_KEY_UISupportedInterfaceOrientations_iPhone = "UIInterfaceOrientationPortrait UIInterfaceOrientationLandscapeLeft UIInterfaceOrientationLandscapeRight";
				IPHONEOS_DEPLOYMENT_TARGET = 17.0;
				LD_RUNPATH_SEARCH_PATHS = "@executable_path/Frameworks";
				"LD_RUNPATH_SEARCH_PATHS[sdk=macosx*]" = "@executable_path/../Frameworks";
				MACOSX_DEPLOYMENT_TARGET = 13.0;
				MARKETING_VERSION = 1.0;
				PRODUCT_BUNDLE_IDENTIFIER = "milhani.TodoItem--YSHMR-";
				PRODUCT_NAME = "$(TARGET_NAME)";
				SDKROOT = auto;
				SUPPORTED_PLATFORMS = "iphoneos iphonesimulator macosx";
				SWIFT_EMIT_LOC_STRINGS = YES;
				SWIFT_VERSION = 5.0;
				TARGETED_DEVICE_FAMILY = "1,2";
			};
			name = Release;
		};
		BA0F58BE2C202398009FA9F9 /* Debug */ = {
			isa = XCBuildConfiguration;
			buildSettings = {
				ALWAYS_EMBED_SWIFT_STANDARD_LIBRARIES = YES;
				BUNDLE_LOADER = "$(TEST_HOST)";
				CODE_SIGN_STYLE = Automatic;
				CURRENT_PROJECT_VERSION = 1;
				DEVELOPMENT_TEAM = QF2RSDM2JV;
				GENERATE_INFOPLIST_FILE = YES;
				IPHONEOS_DEPLOYMENT_TARGET = 16.1;
				MACOSX_DEPLOYMENT_TARGET = 13.0;
				MARKETING_VERSION = 1.0;
				PRODUCT_BUNDLE_IDENTIFIER = "milhani.TodoItem--YSHMR-Tests";
				PRODUCT_NAME = "$(TARGET_NAME)";
				SDKROOT = auto;
				SUPPORTED_PLATFORMS = "iphoneos iphonesimulator macosx";
				SWIFT_EMIT_LOC_STRINGS = NO;
				SWIFT_VERSION = 5.0;
				TARGETED_DEVICE_FAMILY = "1,2";
				TEST_HOST = "$(BUILT_PRODUCTS_DIR)/TodoItem (YSHMR).app/$(BUNDLE_EXECUTABLE_FOLDER_PATH)/TodoItem (YSHMR)";
			};
			name = Debug;
		};
		BA0F58BF2C202398009FA9F9 /* Release */ = {
			isa = XCBuildConfiguration;
			buildSettings = {
				ALWAYS_EMBED_SWIFT_STANDARD_LIBRARIES = YES;
				BUNDLE_LOADER = "$(TEST_HOST)";
				CODE_SIGN_STYLE = Automatic;
				CURRENT_PROJECT_VERSION = 1;
				DEVELOPMENT_TEAM = QF2RSDM2JV;
				GENERATE_INFOPLIST_FILE = YES;
				IPHONEOS_DEPLOYMENT_TARGET = 16.1;
				MACOSX_DEPLOYMENT_TARGET = 13.0;
				MARKETING_VERSION = 1.0;
				PRODUCT_BUNDLE_IDENTIFIER = "milhani.TodoItem--YSHMR-Tests";
				PRODUCT_NAME = "$(TARGET_NAME)";
				SDKROOT = auto;
				SUPPORTED_PLATFORMS = "iphoneos iphonesimulator macosx";
				SWIFT_EMIT_LOC_STRINGS = NO;
				SWIFT_VERSION = 5.0;
				TARGETED_DEVICE_FAMILY = "1,2";
				TEST_HOST = "$(BUILT_PRODUCTS_DIR)/TodoItem (YSHMR).app/$(BUNDLE_EXECUTABLE_FOLDER_PATH)/TodoItem (YSHMR)";
			};
			name = Release;
		};
		BA0F58C12C202398009FA9F9 /* Debug */ = {
			isa = XCBuildConfiguration;
			buildSettings = {
				ALWAYS_EMBED_SWIFT_STANDARD_LIBRARIES = YES;
				CODE_SIGN_STYLE = Automatic;
				CURRENT_PROJECT_VERSION = 1;
				DEVELOPMENT_TEAM = QF2RSDM2JV;
				GENERATE_INFOPLIST_FILE = YES;
				IPHONEOS_DEPLOYMENT_TARGET = 16.1;
				MACOSX_DEPLOYMENT_TARGET = 13.0;
				MARKETING_VERSION = 1.0;
				PRODUCT_BUNDLE_IDENTIFIER = "milhani.TodoItem--YSHMR-UITests";
				PRODUCT_NAME = "$(TARGET_NAME)";
				SDKROOT = auto;
				SUPPORTED_PLATFORMS = "iphoneos iphonesimulator macosx";
				SWIFT_EMIT_LOC_STRINGS = NO;
				SWIFT_VERSION = 5.0;
				TARGETED_DEVICE_FAMILY = "1,2";
				TEST_TARGET_NAME = "TodoItem (YSHMR)";
			};
			name = Debug;
		};
		BA0F58C22C202398009FA9F9 /* Release */ = {
			isa = XCBuildConfiguration;
			buildSettings = {
				ALWAYS_EMBED_SWIFT_STANDARD_LIBRARIES = YES;
				CODE_SIGN_STYLE = Automatic;
				CURRENT_PROJECT_VERSION = 1;
				DEVELOPMENT_TEAM = QF2RSDM2JV;
				GENERATE_INFOPLIST_FILE = YES;
				IPHONEOS_DEPLOYMENT_TARGET = 16.1;
				MACOSX_DEPLOYMENT_TARGET = 13.0;
				MARKETING_VERSION = 1.0;
				PRODUCT_BUNDLE_IDENTIFIER = "milhani.TodoItem--YSHMR-UITests";
				PRODUCT_NAME = "$(TARGET_NAME)";
				SDKROOT = auto;
				SUPPORTED_PLATFORMS = "iphoneos iphonesimulator macosx";
				SWIFT_EMIT_LOC_STRINGS = NO;
				SWIFT_VERSION = 5.0;
				TARGETED_DEVICE_FAMILY = "1,2";
				TEST_TARGET_NAME = "TodoItem (YSHMR)";
			};
			name = Release;
		};
/* End XCBuildConfiguration section */

/* Begin XCConfigurationList section */
		BA0F58902C202394009FA9F9 /* Build configuration list for PBXProject "TodoItem (YSHMR)" */ = {
			isa = XCConfigurationList;
			buildConfigurations = (
				BA0F58B82C202398009FA9F9 /* Debug */,
				BA0F58B92C202398009FA9F9 /* Release */,
			);
			defaultConfigurationIsVisible = 0;
			defaultConfigurationName = Release;
		};
		BA0F58BA2C202398009FA9F9 /* Build configuration list for PBXNativeTarget "TodoItem (YSHMR)" */ = {
			isa = XCConfigurationList;
			buildConfigurations = (
				BA0F58BB2C202398009FA9F9 /* Debug */,
				BA0F58BC2C202398009FA9F9 /* Release */,
			);
			defaultConfigurationIsVisible = 0;
			defaultConfigurationName = Release;
		};
		BA0F58BD2C202398009FA9F9 /* Build configuration list for PBXNativeTarget "TodoItem (YSHMR)Tests" */ = {
			isa = XCConfigurationList;
			buildConfigurations = (
				BA0F58BE2C202398009FA9F9 /* Debug */,
				BA0F58BF2C202398009FA9F9 /* Release */,
			);
			defaultConfigurationIsVisible = 0;
			defaultConfigurationName = Release;
		};
		BA0F58C02C202398009FA9F9 /* Build configuration list for PBXNativeTarget "TodoItem (YSHMR)UITests" */ = {
			isa = XCConfigurationList;
			buildConfigurations = (
				BA0F58C12C202398009FA9F9 /* Debug */,
				BA0F58C22C202398009FA9F9 /* Release */,
			);
			defaultConfigurationIsVisible = 0;
			defaultConfigurationName = Release;
		};
/* End XCConfigurationList section */
	};
	rootObject = BA0F588D2C202394009FA9F9 /* Project object */;
}
